dependencies:
  esp32-camera:
    source:
      type: git
      url: https://github.com/espressif/esp32-camera.git
      commit: 48c2f5e8345bfa88e3ab1af03de0c6f22e9f9e9a
  idf:
    source:
      type: idf
    version: 5.2.3
manifest_hash: 06a76c1bdea0ee9953dbe66dc1eb5ea4b157dbc5999962e4b65153dbefdb7f21
target: esp32
version: 2.0.0
